// !$*UTF8*$!
{
	archiveVersion = 1;
	classes = {
	};
	objectVersion = 55;
	objects = {

/* Begin PBXBuildFile section */
		FAF5FA5A279507C400FBDB1A /* AppDelegate.swift in Sources */ = {isa = PBXBuildFile; fileRef = FAF5FA59279507C400FBDB1A /* AppDelegate.swift */; };
		FAF5FA5C279507C400FBDB1A /* SceneDelegate.swift in Sources */ = {isa = PBXBuildFile; fileRef = FAF5FA5B279507C400FBDB1A /* SceneDelegate.swift */; };
		FAF5FA5E279507C400FBDB1A /* ViewController.swift in Sources */ = {isa = PBXBuildFile; fileRef = FAF5FA5D279507C400FBDB1A /* ViewController.swift */; };
		FAF5FA61279507C400FBDB1A /* Main.storyboard in Resources */ = {isa = PBXBuildFile; fileRef = FAF5FA5F279507C400FBDB1A /* Main.storyboard */; };
		FAF5FA63279507C500FBDB1A /* Assets.xcassets in Resources */ = {isa = PBXBuildFile; fileRef = FAF5FA62279507C500FBDB1A /* Assets.xcassets */; };
		FAF5FA66279507C500FBDB1A /* LaunchScreen.storyboard in Resources */ = {isa = PBXBuildFile; fileRef = FAF5FA64279507C500FBDB1A /* LaunchScreen.storyboard */; };
		FAF5FA71279507C500FBDB1A /* PreworkTests.swift in Sources */ = {isa = PBXBuildFile; fileRef = FAF5FA70279507C500FBDB1A /* PreworkTests.swift */; };
		FAF5FA7B279507C500FBDB1A /* PreworkUITests.swift in Sources */ = {isa = PBXBuildFile; fileRef = FAF5FA7A279507C500FBDB1A /* PreworkUITests.swift */; };
		FAF5FA7D279507C500FBDB1A /* PreworkUITestsLaunchTests.swift in Sources */ = {isa = PBXBuildFile; fileRef = FAF5FA7C279507C500FBDB1A /* PreworkUITestsLaunchTests.swift */; };
/* End PBXBuildFile section */

/* Begin PBXContainerItemProxy section */
		FAF5FA6D279507C500FBDB1A /* PBXContainerItemProxy */ = {
			isa = PBXContainerItemProxy;
			containerPortal = FAF5FA4E279507C400FBDB1A /* Project object */;
			proxyType = 1;
			remoteGlobalIDString = FAF5FA55279507C400FBDB1A;
			remoteInfo = Prework;
		};
		FAF5FA77279507C500FBDB1A /* PBXContainerItemProxy */ = {
			isa = PBXContainerItemProxy;
			containerPortal = FAF5FA4E279507C400FBDB1A /* Project object */;
			proxyType = 1;
			remoteGlobalIDString = FAF5FA55279507C400FBDB1A;
			remoteInfo = Prework;
		};
/* End PBXContainerItemProxy section */

/* Begin PBXFileReference section */
		FAF5FA56279507C400FBDB1A /* Prework.app */ = {isa = PBXFileReference; explicitFileType = wrapper.application; includeInIndex = 0; path = Prework.app; sourceTree = BUILT_PRODUCTS_DIR; };
		FAF5FA59279507C400FBDB1A /* AppDelegate.swift */ = {isa = PBXFileReference; lastKnownFileType = sourcecode.swift; path = AppDelegate.swift; sourceTree = "<group>"; };
		FAF5FA5B279507C400FBDB1A /* SceneDelegate.swift */ = {isa = PBXFileReference; lastKnownFileType = sourcecode.swift; path = SceneDelegate.swift; sourceTree = "<group>"; };
		FAF5FA5D279507C400FBDB1A /* ViewController.swift */ = {isa = PBXFileReference; lastKnownFileType = sourcecode.swift; path = ViewController.swift; sourceTree = "<group>"; };
		FAF5FA60279507C400FBDB1A /* Base */ = {isa = PBXFileReference; lastKnownFileType = file.storyboard; name = Base; path = Base.lproj/Main.storyboard; sourceTree = "<group>"; };
		FAF5FA62279507C500FBDB1A /* Assets.xcassets */ = {isa = PBXFileReference; lastKnownFileType = folder.assetcatalog; path = Assets.xcassets; sourceTree = "<group>"; };
		FAF5FA65279507C500FBDB1A /* Base */ = {isa = PBXFileReference; lastKnownFileType = file.storyboard; name = Base; path = Base.lproj/LaunchScreen.storyboard; sourceTree = "<group>"; };
		FAF5FA67279507C500FBDB1A /* Info.plist */ = {isa = PBXFileReference; lastKnownFileType = text.plist.xml; path = Info.plist; sourceTree = "<group>"; };
		FAF5FA6C279507C500FBDB1A /* PreworkTests.xctest */ = {isa = PBXFileReference; explicitFileType = wrapper.cfbundle; includeInIndex = 0; path = PreworkTests.xctest; sourceTree = BUILT_PRODUCTS_DIR; };
		FAF5FA70279507C500FBDB1A /* PreworkTests.swift */ = {isa = PBXFileReference; lastKnownFileType = sourcecode.swift; path = PreworkTests.swift; sourceTree = "<group>"; };
		FAF5FA76279507C500FBDB1A /* PreworkUITests.xctest */ = {isa = PBXFileReference; explicitFileType = wrapper.cfbundle; includeInIndex = 0; path = PreworkUITests.xctest; sourceTree = BUILT_PRODUCTS_DIR; };
		FAF5FA7A279507C500FBDB1A /* PreworkUITests.swift */ = {isa = PBXFileReference; lastKnownFileType = sourcecode.swift; path = PreworkUITests.swift; sourceTree = "<group>"; };
		FAF5FA7C279507C500FBDB1A /* PreworkUITestsLaunchTests.swift */ = {isa = PBXFileReference; lastKnownFileType = sourcecode.swift; path = PreworkUITestsLaunchTests.swift; sourceTree = "<group>"; };
/* End PBXFileReference section */

/* Begin PBXFrameworksBuildPhase section */
		FAF5FA53279507C400FBDB1A /* Frameworks */ = {
			isa = PBXFrameworksBuildPhase;
			buildActionMask = 2147483647;
			files = (
			);
			runOnlyForDeploymentPostprocessing = 0;
		};
		FAF5FA69279507C500FBDB1A /* Frameworks */ = {
			isa = PBXFrameworksBuildPhase;
			buildActionMask = 2147483647;
			files = (
			);
			runOnlyForDeploymentPostprocessing = 0;
		};
		FAF5FA73279507C500FBDB1A /* Frameworks */ = {
			isa = PBXFrameworksBuildPhase;
			buildActionMask = 2147483647;
			files = (
			);
			runOnlyForDeploymentPostprocessing = 0;
		};
/* End PBXFrameworksBuildPhase section */

/* Begin PBXGroup section */
		FAF5FA4D279507C400FBDB1A = {
			isa = PBXGroup;
			children = (
				FAF5FA58279507C400FBDB1A /* Prework */,
				FAF5FA6F279507C500FBDB1A /* PreworkTests */,
				FAF5FA79279507C500FBDB1A /* PreworkUITests */,
				FAF5FA57279507C400FBDB1A /* Products */,
			);
			sourceTree = "<group>";
		};
		FAF5FA57279507C400FBDB1A /* Products */ = {
			isa = PBXGroup;
			children = (
				FAF5FA56279507C400FBDB1A /* Prework.app */,
				FAF5FA6C279507C500FBDB1A /* PreworkTests.xctest */,
				FAF5FA76279507C500FBDB1A /* PreworkUITests.xctest */,
			);
			name = Products;
			sourceTree = "<group>";
		};
		FAF5FA58279507C400FBDB1A /* Prework */ = {
			isa = PBXGroup;
			children = (
				FAF5FA59279507C400FBDB1A /* AppDelegate.swift */,
				FAF5FA5B279507C400FBDB1A /* SceneDelegate.swift */,
				FAF5FA5D279507C400FBDB1A /* ViewController.swift */,
				FAF5FA5F279507C400FBDB1A /* Main.storyboard */,
				FAF5FA62279507C500FBDB1A /* Assets.xcassets */,
				FAF5FA64279507C500FBDB1A /* LaunchScreen.storyboard */,
				FAF5FA67279507C500FBDB1A /* Info.plist */,
			);
			path = Prework;
			sourceTree = "<group>";
		};
		FAF5FA6F279507C500FBDB1A /* PreworkTests */ = {
			isa = PBXGroup;
			children = (
				FAF5FA70279507C500FBDB1A /* PreworkTests.swift */,
			);
			path = PreworkTests;
			sourceTree = "<group>";
		};
		FAF5FA79279507C500FBDB1A /* PreworkUITests */ = {
			isa = PBXGroup;
			children = (
				FAF5FA7A279507C500FBDB1A /* PreworkUITests.swift */,
				FAF5FA7C279507C500FBDB1A /* PreworkUITestsLaunchTests.swift */,
			);
			path = PreworkUITests;
			sourceTree = "<group>";
		};
/* End PBXGroup section */

/* Begin PBXNativeTarget section */
		FAF5FA55279507C400FBDB1A /* Prework */ = {
			isa = PBXNativeTarget;
			buildConfigurationList = FAF5FA80279507C500FBDB1A /* Build configuration list for PBXNativeTarget "Prework" */;
			buildPhases = (
				FAF5FA52279507C400FBDB1A /* Sources */,
				FAF5FA53279507C400FBDB1A /* Frameworks */,
				FAF5FA54279507C400FBDB1A /* Resources */,
			);
			buildRules = (
			);
			dependencies = (
			);
			name = Prework;
			productName = Prework;
			productReference = FAF5FA56279507C400FBDB1A /* Prework.app */;
			productType = "com.apple.product-type.application";
		};
		FAF5FA6B279507C500FBDB1A /* PreworkTests */ = {
			isa = PBXNativeTarget;
			buildConfigurationList = FAF5FA83279507C500FBDB1A /* Build configuration list for PBXNativeTarget "PreworkTests" */;
			buildPhases = (
				FAF5FA68279507C500FBDB1A /* Sources */,
				FAF5FA69279507C500FBDB1A /* Frameworks */,
				FAF5FA6A279507C500FBDB1A /* Resources */,
			);
			buildRules = (
			);
			dependencies = (
				FAF5FA6E279507C500FBDB1A /* PBXTargetDependency */,
			);
			name = PreworkTests;
			productName = PreworkTests;
			productReference = FAF5FA6C279507C500FBDB1A /* PreworkTests.xctest */;
			productType = "com.apple.product-type.bundle.unit-test";
		};
		FAF5FA75279507C500FBDB1A /* PreworkUITests */ = {
			isa = PBXNativeTarget;
			buildConfigurationList = FAF5FA86279507C500FBDB1A /* Build configuration list for PBXNativeTarget "PreworkUITests" */;
			buildPhases = (
				FAF5FA72279507C500FBDB1A /* Sources */,
				FAF5FA73279507C500FBDB1A /* Frameworks */,
				FAF5FA74279507C500FBDB1A /* Resources */,
			);
			buildRules = (
			);
			dependencies = (
				FAF5FA78279507C500FBDB1A /* PBXTargetDependency */,
			);
			name = PreworkUITests;
			productName = PreworkUITests;
			productReference = FAF5FA76279507C500FBDB1A /* PreworkUITests.xctest */;
			productType = "com.apple.product-type.bundle.ui-testing";
		};
/* End PBXNativeTarget section */

/* Begin PBXProject section */
		FAF5FA4E279507C400FBDB1A /* Project object */ = {
			isa = PBXProject;
			attributes = {
				BuildIndependentTargetsInParallel = 1;
				LastSwiftUpdateCheck = 1320;
				LastUpgradeCheck = 1320;
				TargetAttributes = {
					FAF5FA55279507C400FBDB1A = {
						CreatedOnToolsVersion = 13.2.1;
					};
					FAF5FA6B279507C500FBDB1A = {
						CreatedOnToolsVersion = 13.2.1;
						TestTargetID = FAF5FA55279507C400FBDB1A;
					};
					FAF5FA75279507C500FBDB1A = {
						CreatedOnToolsVersion = 13.2.1;
						TestTargetID = FAF5FA55279507C400FBDB1A;
					};
				};
			};
			buildConfigurationList = FAF5FA51279507C400FBDB1A /* Build configuration list for PBXProject "Prework" */;
			compatibilityVersion = "Xcode 13.0";
			developmentRegion = en;
			hasScannedForEncodings = 0;
			knownRegions = (
				en,
				Base,
			);
			mainGroup = FAF5FA4D279507C400FBDB1A;
			productRefGroup = FAF5FA57279507C400FBDB1A /* Products */;
			projectDirPath = "";
			projectRoot = "";
			targets = (
				FAF5FA55279507C400FBDB1A /* Prework */,
				FAF5FA6B279507C500FBDB1A /* PreworkTests */,
				FAF5FA75279507C500FBDB1A /* PreworkUITests */,
			);
		};
/* End PBXProject section */

/* Begin PBXResourcesBuildPhase section */
		FAF5FA54279507C400FBDB1A /* Resources */ = {
			isa = PBXResourcesBuildPhase;
			buildActionMask = 2147483647;
			files = (
				FAF5FA66279507C500FBDB1A /* LaunchScreen.storyboard in Resources */,
				FAF5FA63279507C500FBDB1A /* Assets.xcassets in Resources */,
				FAF5FA61279507C400FBDB1A /* Main.storyboard in Resources */,
			);
			runOnlyForDeploymentPostprocessing = 0;
		};
		FAF5FA6A279507C500FBDB1A /* Resources */ = {
			isa = PBXResourcesBuildPhase;
			buildActionMask = 2147483647;
			files = (
			);
			runOnlyForDeploymentPostprocessing = 0;
		};
		FAF5FA74279507C500FBDB1A /* Resources */ = {
			isa = PBXResourcesBuildPhase;
			buildActionMask = 2147483647;
			files = (
			);
			runOnlyForDeploymentPostprocessing = 0;
		};
/* End PBXResourcesBuildPhase section */

/* Begin PBXSourcesBuildPhase section */
		FAF5FA52279507C400FBDB1A /* Sources */ = {
			isa = PBXSourcesBuildPhase;
			buildActionMask = 2147483647;
			files = (
				FAF5FA5E279507C400FBDB1A /* ViewController.swift in Sources */,
				FAF5FA5A279507C400FBDB1A /* AppDelegate.swift in Sources */,
				FAF5FA5C279507C400FBDB1A /* SceneDelegate.swift in Sources */,
			);
			runOnlyForDeploymentPostprocessing = 0;
		};
		FAF5FA68279507C500FBDB1A /* Sources */ = {
			isa = PBXSourcesBuildPhase;
			buildActionMask = 2147483647;
			files = (
				FAF5FA71279507C500FBDB1A /* PreworkTests.swift in Sources */,
			);
			runOnlyForDeploymentPostprocessing = 0;
		};
		FAF5FA72279507C500FBDB1A /* Sources */ = {
			isa = PBXSourcesBuildPhase;
			buildActionMask = 2147483647;
			files = (
				FAF5FA7B279507C500FBDB1A /* PreworkUITests.swift in Sources */,
				FAF5FA7D279507C500FBDB1A /* PreworkUITestsLaunchTests.swift in Sources */,
			);
			runOnlyForDeploymentPostprocessing = 0;
		};
/* End PBXSourcesBuildPhase section */

/* Begin PBXTargetDependency section */
		FAF5FA6E279507C500FBDB1A /* PBXTargetDependency */ = {
			isa = PBXTargetDependency;
			target = FAF5FA55279507C400FBDB1A /* Prework */;
			targetProxy = FAF5FA6D279507C500FBDB1A /* PBXContainerItemProxy */;
		};
		FAF5FA78279507C500FBDB1A /* PBXTargetDependency */ = {
			isa = PBXTargetDependency;
			target = FAF5FA55279507C400FBDB1A /* Prework */;
			targetProxy = FAF5FA77279507C500FBDB1A /* PBXContainerItemProxy */;
		};
/* End PBXTargetDependency section */

/* Begin PBXVariantGroup section */
		FAF5FA5F279507C400FBDB1A /* Main.storyboard */ = {
			isa = PBXVariantGroup;
			children = (
				FAF5FA60279507C400FBDB1A /* Base */,
			);
			name = Main.storyboard;
			sourceTree = "<group>";
		};
		FAF5FA64279507C500FBDB1A /* LaunchScreen.storyboard */ = {
			isa = PBXVariantGroup;
			children = (
				FAF5FA65279507C500FBDB1A /* Base */,
			);
			name = LaunchScreen.storyboard;
			sourceTree = "<group>";
		};
/* End PBXVariantGroup section */

/* Begin XCBuildConfiguration section */
		FAF5FA7E279507C500FBDB1A /* Debug */ = {
			isa = XCBuildConfiguration;
			buildSettings = {
				ALWAYS_SEARCH_USER_PATHS = NO;
				CLANG_ANALYZER_NONNULL = YES;
				CLANG_ANALYZER_NUMBER_OBJECT_CONVERSION = YES_AGGRESSIVE;
				CLANG_CXX_LANGUAGE_STANDARD = "gnu++17";
				CLANG_CXX_LIBRARY = "libc++";
				CLANG_ENABLE_MODULES = YES;
				CLANG_ENABLE_OBJC_ARC = YES;
				CLANG_ENABLE_OBJC_WEAK = YES;
				CLANG_WARN_BLOCK_CAPTURE_AUTORELEASING = YES;
				CLANG_WARN_BOOL_CONVERSION = YES;
				CLANG_WARN_COMMA = YES;
				CLANG_WARN_CONSTANT_CONVERSION = YES;
				CLANG_WARN_DEPRECATED_OBJC_IMPLEMENTATIONS = YES;
				CLANG_WARN_DIRECT_OBJC_ISA_USAGE = YES_ERROR;
				CLANG_WARN_DOCUMENTATION_COMMENTS = YES;
				CLANG_WARN_EMPTY_BODY = YES;
				CLANG_WARN_ENUM_CONVERSION = YES;
				CLANG_WARN_INFINITE_RECURSION = YES;
				CLANG_WARN_INT_CONVERSION = YES;
				CLANG_WARN_NON_LITERAL_NULL_CONVERSION = YES;
				CLANG_WARN_OBJC_IMPLICIT_RETAIN_SELF = YES;
				CLANG_WARN_OBJC_LITERAL_CONVERSION = YES;
				CLANG_WARN_OBJC_ROOT_CLASS = YES_ERROR;
				CLANG_WARN_QUOTED_INCLUDE_IN_FRAMEWORK_HEADER = YES;
				CLANG_WARN_RANGE_LOOP_ANALYSIS = YES;
				CLANG_WARN_STRICT_PROTOTYPES = YES;
				CLANG_WARN_SUSPICIOUS_MOVE = YES;
				CLANG_WARN_UNGUARDED_AVAILABILITY = YES_AGGRESSIVE;
				CLANG_WARN_UNREACHABLE_CODE = YES;
				CLANG_WARN__DUPLICATE_METHOD_MATCH = YES;
				COPY_PHASE_STRIP = NO;
				DEBUG_INFORMATION_FORMAT = dwarf;
				ENABLE_STRICT_OBJC_MSGSEND = YES;
				ENABLE_TESTABILITY = YES;
				GCC_C_LANGUAGE_STANDARD = gnu11;
				GCC_DYNAMIC_NO_PIC = NO;
				GCC_NO_COMMON_BLOCKS = YES;
				GCC_OPTIMIZATION_LEVEL = 0;
				GCC_PREPROCESSOR_DEFINITIONS = (
					"DEBUG=1",
					"$(inherited)",
				);
				GCC_WARN_64_TO_32_BIT_CONVERSION = YES;
				GCC_WARN_ABOUT_RETURN_TYPE = YES_ERROR;
				GCC_WARN_UNDECLARED_SELECTOR = YES;
				GCC_WARN_UNINITIALIZED_AUTOS = YES_AGGRESSIVE;
				GCC_WARN_UNUSED_FUNCTION = YES;
				GCC_WARN_UNUSED_VARIABLE = YES;
				IPHONEOS_DEPLOYMENT_TARGET = 15.2;
				MTL_ENABLE_DEBUG_INFO = INCLUDE_SOURCE;
				MTL_FAST_MATH = YES;
				ONLY_ACTIVE_ARCH = YES;
				SDKROOT = iphoneos;
				SWIFT_ACTIVE_COMPILATION_CONDITIONS = DEBUG;
				SWIFT_OPTIMIZATION_LEVEL = "-Onone";
			};
			name = Debug;
		};
		FAF5FA7F279507C500FBDB1A /* Release */ = {
			isa = XCBuildConfiguration;
			buildSettings = {
				ALWAYS_SEARCH_USER_PATHS = NO;
				CLANG_ANALYZER_NONNULL = YES;
				CLANG_ANALYZER_NUMBER_OBJECT_CONVERSION = YES_AGGRESSIVE;
				CLANG_CXX_LANGUAGE_STANDARD = "gnu++17";
				CLANG_CXX_LIBRARY = "libc++";
				CLANG_ENABLE_MODULES = YES;
				CLANG_ENABLE_OBJC_ARC = YES;
				CLANG_ENABLE_OBJC_WEAK = YES;
				CLANG_WARN_BLOCK_CAPTURE_AUTORELEASING = YES;
				CLANG_WARN_BOOL_CONVERSION = YES;
				CLANG_WARN_COMMA = YES;
				CLANG_WARN_CONSTANT_CONVERSION = YES;
				CLANG_WARN_DEPRECATED_OBJC_IMPLEMENTATIONS = YES;
				CLANG_WARN_DIRECT_OBJC_ISA_USAGE = YES_ERROR;
				CLANG_WARN_DOCUMENTATION_COMMENTS = YES;
				CLANG_WARN_EMPTY_BODY = YES;
				CLANG_WARN_ENUM_CONVERSION = YES;
				CLANG_WARN_INFINITE_RECURSION = YES;
				CLANG_WARN_INT_CONVERSION = YES;
				CLANG_WARN_NON_LITERAL_NULL_CONVERSION = YES;
				CLANG_WARN_OBJC_IMPLICIT_RETAIN_SELF = YES;
				CLANG_WARN_OBJC_LITERAL_CONVERSION = YES;
				CLANG_WARN_OBJC_ROOT_CLASS = YES_ERROR;
				CLANG_WARN_QUOTED_INCLUDE_IN_FRAMEWORK_HEADER = YES;
				CLANG_WARN_RANGE_LOOP_ANALYSIS = YES;
				CLANG_WARN_STRICT_PROTOTYPES = YES;
				CLANG_WARN_SUSPICIOUS_MOVE = YES;
				CLANG_WARN_UNGUARDED_AVAILABILITY = YES_AGGRESSIVE;
				CLANG_WARN_UNREACHABLE_CODE = YES;
				CLANG_WARN__DUPLICATE_METHOD_MATCH = YES;
				COPY_PHASE_STRIP = NO;
				DEBUG_INFORMATION_FORMAT = "dwarf-with-dsym";
				ENABLE_NS_ASSERTIONS = NO;
				ENABLE_STRICT_OBJC_MSGSEND = YES;
				GCC_C_LANGUAGE_STANDARD = gnu11;
				GCC_NO_COMMON_BLOCKS = YES;
				GCC_WARN_64_TO_32_BIT_CONVERSION = YES;
				GCC_WARN_ABOUT_RETURN_TYPE = YES_ERROR;
				GCC_WARN_UNDECLARED_SELECTOR = YES;
				GCC_WARN_UNINITIALIZED_AUTOS = YES_AGGRESSIVE;
				GCC_WARN_UNUSED_FUNCTION = YES;
				GCC_WARN_UNUSED_VARIABLE = YES;
				IPHONEOS_DEPLOYMENT_TARGET = 15.2;
				MTL_ENABLE_DEBUG_INFO = NO;
				MTL_FAST_MATH = YES;
				SDKROOT = iphoneos;
				SWIFT_COMPILATION_MODE = wholemodule;
				SWIFT_OPTIMIZATION_LEVEL = "-O";
				VALIDATE_PRODUCT = YES;
			};
			name = Release;
		};
		FAF5FA81279507C500FBDB1A /* Debug */ = {
			isa = XCBuildConfiguration;
			buildSettings = {
				ASSETCATALOG_COMPILER_APPICON_NAME = AppIcon;
				ASSETCATALOG_COMPILER_GLOBAL_ACCENT_COLOR_NAME = AccentColor;
				CODE_SIGN_STYLE = Automatic;
				CURRENT_PROJECT_VERSION = 1;
				GENERATE_INFOPLIST_FILE = YES;
				INFOPLIST_FILE = Prework/Info.plist;
				INFOPLIST_KEY_UIApplicationSupportsIndirectInputEvents = YES;
				INFOPLIST_KEY_UILaunchStoryboardName = LaunchScreen;
				INFOPLIST_KEY_UIMainStoryboardFile = Main;
				INFOPLIST_KEY_UISupportedInterfaceOrientations_iPad = "UIInterfaceOrientationPortrait UIInterfaceOrientationPortraitUpsideDown UIInterfaceOrientationLandscapeLeft UIInterfaceOrientationLandscapeRight";
				INFOPLIST_KEY_UISupportedInterfaceOrientations_iPhone = "UIInterfaceOrientationPortrait UIInterfaceOrientationLandscapeLeft UIInterfaceOrientationLandscapeRight";
				LD_RUNPATH_SEARCH_PATHS = (
					"$(inherited)",
					"@executable_path/Frameworks",
				);
				MARKETING_VERSION = 1.0;
				PRODUCT_BUNDLE_IDENTIFIER = Purdue.Prework;
				PRODUCT_NAME = "$(TARGET_NAME)";
				SWIFT_EMIT_LOC_STRINGS = YES;
				SWIFT_VERSION = 5.0;
				TARGETED_DEVICE_FAMILY = "1,2";
			};
			name = Debug;
		};
		FAF5FA82279507C500FBDB1A /* Release */ = {
			isa = XCBuildConfiguration;
			buildSettings = {
				ASSETCATALOG_COMPILER_APPICON_NAME = AppIcon;
				ASSETCATALOG_COMPILER_GLOBAL_ACCENT_COLOR_NAME = AccentColor;
				CODE_SIGN_STYLE = Automatic;
				CURRENT_PROJECT_VERSION = 1;
				GENERATE_INFOPLIST_FILE = YES;
				INFOPLIST_FILE = Prework/Info.plist;
				INFOPLIST_KEY_UIApplicationSupportsIndirectInputEvents = YES;
				INFOPLIST_KEY_UILaunchStoryboardName = LaunchScreen;
				INFOPLIST_KEY_UIMainStoryboardFile = Main;
				INFOPLIST_KEY_UISupportedInterfaceOrientations_iPad = "UIInterfaceOrientationPortrait UIInterfaceOrientationPortraitUpsideDown UIInterfaceOrientationLandscapeLeft UIInterfaceOrientationLandscapeRight";
				INFOPLIST_KEY_UISupportedInterfaceOrientations_iPhone = "UIInterfaceOrientationPortrait UIInterfaceOrientationLandscapeLeft UIInterfaceOrientationLandscapeRight";
				LD_RUNPATH_SEARCH_PATHS = (
					"$(inherited)",
					"@executable_path/Frameworks",
				);
				MARKETING_VERSION = 1.0;
				PRODUCT_BUNDLE_IDENTIFIER = Purdue.Prework;
				PRODUCT_NAME = "$(TARGET_NAME)";
				SWIFT_EMIT_LOC_STRINGS = YES;
				SWIFT_VERSION = 5.0;
				TARGETED_DEVICE_FAMILY = "1,2";
			};
			name = Release;
		};
		FAF5FA84279507C500FBDB1A /* Debug */ = {
			isa = XCBuildConfiguration;
			buildSettings = {
				ALWAYS_EMBED_SWIFT_STANDARD_LIBRARIES = YES;
				BUNDLE_LOADER = "$(TEST_HOST)";
				CODE_SIGN_STYLE = Automatic;
				CURRENT_PROJECT_VERSION = 1;
				GENERATE_INFOPLIST_FILE = YES;
				IPHONEOS_DEPLOYMENT_TARGET = 15.2;
				MARKETING_VERSION = 1.0;
				PRODUCT_BUNDLE_IDENTIFIER = Purdue.PreworkTests;
				PRODUCT_NAME = "$(TARGET_NAME)";
				SWIFT_EMIT_LOC_STRINGS = NO;
				SWIFT_VERSION = 5.0;
				TARGETED_DEVICE_FAMILY = "1,2";
				TEST_HOST = "$(BUILT_PRODUCTS_DIR)/Prework.app/Prework";
			};
			name = Debug;
		};
		FAF5FA85279507C500FBDB1A /* Release */ = {
			isa = XCBuildConfiguration;
			buildSettings = {
				ALWAYS_EMBED_SWIFT_STANDARD_LIBRARIES = YES;
				BUNDLE_LOADER = "$(TEST_HOST)";
				CODE_SIGN_STYLE = Automatic;
				CURRENT_PROJECT_VERSION = 1;
				GENERATE_INFOPLIST_FILE = YES;
				IPHONEOS_DEPLOYMENT_TARGET = 15.2;
				MARKETING_VERSION = 1.0;
				PRODUCT_BUNDLE_IDENTIFIER = Purdue.PreworkTests;
				PRODUCT_NAME = "$(TARGET_NAME)";
				SWIFT_EMIT_LOC_STRINGS = NO;
				SWIFT_VERSION = 5.0;
				TARGETED_DEVICE_FAMILY = "1,2";
				TEST_HOST = "$(BUILT_PRODUCTS_DIR)/Prework.app/Prework";
			};
			name = Release;
		};
		FAF5FA87279507C500FBDB1A /* Debug */ = {
			isa = XCBuildConfiguration;
			buildSettings = {
				ALWAYS_EMBED_SWIFT_STANDARD_LIBRARIES = YES;
				CODE_SIGN_STYLE = Automatic;
				CURRENT_PROJECT_VERSION = 1;
				GENERATE_INFOPLIST_FILE = YES;
				MARKETING_VERSION = 1.0;
				PRODUCT_BUNDLE_IDENTIFIER = Purdue.PreworkUITests;
				PRODUCT_NAME = "$(TARGET_NAME)";
				SWIFT_EMIT_LOC_STRINGS = NO;
				SWIFT_VERSION = 5.0;
				TARGETED_DEVICE_FAMILY = "1,2";
				TEST_TARGET_NAME = Prework;
			};
			name = Debug;
		};
		FAF5FA88279507C500FBDB1A /* Release */ = {
			isa = XCBuildConfiguration;
			buildSettings = {
				ALWAYS_EMBED_SWIFT_STANDARD_LIBRARIES = YES;
				CODE_SIGN_STYLE = Automatic;
				CURRENT_PROJECT_VERSION = 1;
				GENERATE_INFOPLIST_FILE = YES;
				MARKETING_VERSION = 1.0;
				PRODUCT_BUNDLE_IDENTIFIER = Purdue.PreworkUITests;
				PRODUCT_NAME = "$(TARGET_NAME)";
				SWIFT_EMIT_LOC_STRINGS = NO;
				SWIFT_VERSION = 5.0;
				TARGETED_DEVICE_FAMILY = "1,2";
				TEST_TARGET_NAME = Prework;
			};
			name = Release;
		};
/* End XCBuildConfiguration section */

/* Begin XCConfigurationList section */
		FAF5FA51279507C400FBDB1A /* Build configuration list for PBXProject "Prework" */ = {
			isa = XCConfigurationList;
			buildConfigurations = (
				FAF5FA7E279507C500FBDB1A /* Debug */,
				FAF5FA7F279507C500FBDB1A /* Release */,
			);
			defaultConfigurationIsVisible = 0;
			defaultConfigurationName = Release;
		};
		FAF5FA80279507C500FBDB1A /* Build configuration list for PBXNativeTarget "Prework" */ = {
			isa = XCConfigurationList;
			buildConfigurations = (
				FAF5FA81279507C500FBDB1A /* Debug */,
				FAF5FA82279507C500FBDB1A /* Release */,
			);
			defaultConfigurationIsVisible = 0;
			defaultConfigurationName = Release;
		};
		FAF5FA83279507C500FBDB1A /* Build configuration list for PBXNativeTarget "PreworkTests" */ = {
			isa = XCConfigurationList;
			buildConfigurations = (
				FAF5FA84279507C500FBDB1A /* Debug */,
				FAF5FA85279507C500FBDB1A /* Release */,
			);
			defaultConfigurationIsVisible = 0;
			defaultConfigurationName = Release;
		};
		FAF5FA86279507C500FBDB1A /* Build configuration list for PBXNativeTarget "PreworkUITests" */ = {
			isa = XCConfigurationList;
			buildConfigurations = (
				FAF5FA87279507C500FBDB1A /* Debug */,
				FAF5FA88279507C500FBDB1A /* Release */,
			);
			defaultConfigurationIsVisible = 0;
			defaultConfigurationName = Release;
		};
/* End XCConfigurationList section */
	};
	rootObject = FAF5FA4E279507C400FBDB1A /* Project object */;
}
